
Microsoft Visual Studio Solution File, Format Version 12.00
# Visual Studio 14
VisualStudioVersion = 14.0.25123.0
MinimumVisualStudioVersion = 10.0.40219.1
Project("{FAE04EC0-301F-11D3-BF4B-00C04F79EFBC}") = "DemoAngularJS.API", "DemoAngularJS.API\DemoAngularJS.API.csproj", "{3C638454-3BB4-4AA2-8B4D-86B2938FF1BB}"
EndProject
Project("{FAE04EC0-301F-11D3-BF4B-00C04F79EFBC}") = "DemoAngularJS.UI", "DemoAngularJS.UI\DemoAngularJS.UI.csproj", "{69F66745-2A57-4391-A2DC-9B635C8A1F09}"
EndProject
Project("{FAE04EC0-301F-11D3-BF4B-00C04F79EFBC}") = "DemoTS", "DemoTS\DemoTS.csproj", "{83517B81-CD3D-4DBC-8438-3CBFC3FC8AFC}"
EndProject
Global
	GlobalSection(SolutionConfigurationPlatforms) = preSolution
		Debug|Any CPU = Debug|Any CPU
		Release|Any CPU = Release|Any CPU
	EndGlobalSection
	GlobalSection(ProjectConfigurationPlatforms) = postSolution
		{3C638454-3BB4-4AA2-8B4D-86B2938FF1BB}.Debug|Any CPU.ActiveCfg = Debug|Any CPU
		{3C638454-3BB4-4AA2-8B4D-86B2938FF1BB}.Debug|Any CPU.Build.0 = Debug|Any CPU
		{3C638454-3BB4-4AA2-8B4D-86B2938FF1BB}.Release|Any CPU.ActiveCfg = Release|Any CPU
		{3C638454-3BB4-4AA2-8B4D-86B2938FF1BB}.Release|Any CPU.Build.0 = Release|Any CPU
		{69F66745-2A57-4391-A2DC-9B635C8A1F09}.Debug|Any CPU.ActiveCfg = Debug|Any CPU
		{69F66745-2A57-4391-A2DC-9B635C8A1F09}.Debug|Any CPU.Build.0 = Debug|Any CPU
		{69F66745-2A57-4391-A2DC-9B635C8A1F09}.Release|Any CPU.ActiveCfg = Release|Any CPU
		{69F66745-2A57-4391-A2DC-9B635C8A1F09}.Release|Any CPU.Build.0 = Release|Any CPU
		{83517B81-CD3D-4DBC-8438-3CBFC3FC8AFC}.Debug|Any CPU.ActiveCfg = Debug|Any CPU
		{83517B81-CD3D-4DBC-8438-3CBFC3FC8AFC}.Debug|Any CPU.Build.0 = Debug|Any CPU
		{83517B81-CD3D-4DBC-8438-3CBFC3FC8AFC}.Release|Any CPU.ActiveCfg = Release|Any CPU
		{83517B81-CD3D-4DBC-8438-3CBFC3FC8AFC}.Release|Any CPU.Build.0 = Release|Any CPU
	EndGlobalSection
	GlobalSection(SolutionProperties) = preSolution
		HideSolutionNode = FALSE
	EndGlobalSection
EndGlobal
